
Microsoft Visual Studio Solution File, Format Version 12.00
# Visual Studio Version 17
VisualStudioVersion = 17.12.35527.113 d17.12
MinimumVisualStudioVersion = 10.0.40219.1
Project("{2150E333-8FDC-42A3-9474-1A3956D46DE8}") = "Core", "Core", "{D7988E4A-2451-4263-BF7E-C46B2443E54A}"
EndProject
Project("{2150E333-8FDC-42A3-9474-1A3956D46DE8}") = "Infrastructure", "Infrastructure", "{61574D09-DBEA-4D77-B3E4-480EA6D45729}"
EndProject
Project("{2150E333-8FDC-42A3-9474-1A3956D46DE8}") = "Presentation", "Presentation", "{23C3C10A-60D8-450C-985E-9C41AD3BB08E}"
EndProject
Project("{FAE04EC0-301F-11D3-BF4B-00C04F79EFBC}") = "Eventify.Domain", "Core\Eventify.Domain\Eventify.Domain.csproj", "{AB664B54-5863-4046-BF36-03659A32A59A}"
EndProject
Project("{FAE04EC0-301F-11D3-BF4B-00C04F79EFBC}") = "Eventift.Application", "Core\Eventift.Application\Eventift.Application.csproj", "{5D671660-3C62-49DA-A279-45C03ACA1035}"
EndProject
Project("{FAE04EC0-301F-11D3-BF4B-00C04F79EFBC}") = "Eventify.Persistence", "Infrastructure\Eventify.Persistence\Eventify.Persistence.csproj", "{AC6F4261-7F40-4F44-BF98-F5E1B0FA1B65}"
EndProject
Project("{FAE04EC0-301F-11D3-BF4B-00C04F79EFBC}") = "Eventify.Infrastructure", "Infrastructure\Eventify.Infrastructure\Eventify.Infrastructure.csproj", "{BB0C5DC4-64FE-42B1-B816-6AAFE65AAAF5}"
EndProject
Project("{FAE04EC0-301F-11D3-BF4B-00C04F79EFBC}") = "Eventify.API", "Presentation\Eventify.API\Eventify.API.csproj", "{886FCD90-AE0D-40CE-9C31-874F3D91F08F}"
EndProject
Global
	GlobalSection(SolutionConfigurationPlatforms) = preSolution
		Debug|Any CPU = Debug|Any CPU
		Release|Any CPU = Release|Any CPU
	EndGlobalSection
	GlobalSection(ProjectConfigurationPlatforms) = postSolution
		{AB664B54-5863-4046-BF36-03659A32A59A}.Debug|Any CPU.ActiveCfg = Debug|Any CPU
		{AB664B54-5863-4046-BF36-03659A32A59A}.Debug|Any CPU.Build.0 = Debug|Any CPU
		{AB664B54-5863-4046-BF36-03659A32A59A}.Release|Any CPU.ActiveCfg = Release|Any CPU
		{AB664B54-5863-4046-BF36-03659A32A59A}.Release|Any CPU.Build.0 = Release|Any CPU
		{5D671660-3C62-49DA-A279-45C03ACA1035}.Debug|Any CPU.ActiveCfg = Debug|Any CPU
		{5D671660-3C62-49DA-A279-45C03ACA1035}.Debug|Any CPU.Build.0 = Debug|Any CPU
		{5D671660-3C62-49DA-A279-45C03ACA1035}.Release|Any CPU.ActiveCfg = Release|Any CPU
		{5D671660-3C62-49DA-A279-45C03ACA1035}.Release|Any CPU.Build.0 = Release|Any CPU
		{AC6F4261-7F40-4F44-BF98-F5E1B0FA1B65}.Debug|Any CPU.ActiveCfg = Debug|Any CPU
		{AC6F4261-7F40-4F44-BF98-F5E1B0FA1B65}.Debug|Any CPU.Build.0 = Debug|Any CPU
		{AC6F4261-7F40-4F44-BF98-F5E1B0FA1B65}.Release|Any CPU.ActiveCfg = Release|Any CPU
		{AC6F4261-7F40-4F44-BF98-F5E1B0FA1B65}.Release|Any CPU.Build.0 = Release|Any CPU
		{BB0C5DC4-64FE-42B1-B816-6AAFE65AAAF5}.Debug|Any CPU.ActiveCfg = Debug|Any CPU
		{BB0C5DC4-64FE-42B1-B816-6AAFE65AAAF5}.Debug|Any CPU.Build.0 = Debug|Any CPU
		{BB0C5DC4-64FE-42B1-B816-6AAFE65AAAF5}.Release|Any CPU.ActiveCfg = Release|Any CPU
		{BB0C5DC4-64FE-42B1-B816-6AAFE65AAAF5}.Release|Any CPU.Build.0 = Release|Any CPU
		{886FCD90-AE0D-40CE-9C31-874F3D91F08F}.Debug|Any CPU.ActiveCfg = Debug|Any CPU
		{886FCD90-AE0D-40CE-9C31-874F3D91F08F}.Debug|Any CPU.Build.0 = Debug|Any CPU
		{886FCD90-AE0D-40CE-9C31-874F3D91F08F}.Release|Any CPU.ActiveCfg = Release|Any CPU
		{886FCD90-AE0D-40CE-9C31-874F3D91F08F}.Release|Any CPU.Build.0 = Release|Any CPU
	EndGlobalSection
	GlobalSection(SolutionProperties) = preSolution
		HideSolutionNode = FALSE
	EndGlobalSection
	GlobalSection(NestedProjects) = preSolution
		{AB664B54-5863-4046-BF36-03659A32A59A} = {D7988E4A-2451-4263-BF7E-C46B2443E54A}
		{5D671660-3C62-49DA-A279-45C03ACA1035} = {D7988E4A-2451-4263-BF7E-C46B2443E54A}
		{AC6F4261-7F40-4F44-BF98-F5E1B0FA1B65} = {61574D09-DBEA-4D77-B3E4-480EA6D45729}
		{BB0C5DC4-64FE-42B1-B816-6AAFE65AAAF5} = {61574D09-DBEA-4D77-B3E4-480EA6D45729}
		{886FCD90-AE0D-40CE-9C31-874F3D91F08F} = {23C3C10A-60D8-450C-985E-9C41AD3BB08E}
	EndGlobalSection
EndGlobal
